Microsoft Visual Studio Solution File, Format Version 12.00
# Visual Studio Version 17
VisualStudioVersion = 17.5.2.0
MinimumVisualStudioVersion = 10.0.40219.1
Project("{FAE04EC0-301F-11D3-BF4B-00C04F79EFBC}") = "StarWarsMinimalApi", "StarWarsMinimalApi.csproj", "{9443F968-B430-4B8E-DAD7-DA6B9FC1D3C6}"
EndProject
Global
	GlobalSection(SolutionConfigurationPlatforms) = preSolution
		Debug|Any CPU = Debug|Any CPU
		Release|Any CPU = Release|Any CPU
	EndGlobalSection
	GlobalSection(ProjectConfigurationPlatforms) = postSolution
		{9443F968-B430-4B8E-DAD7-DA6B9FC1D3C6}.Debug|Any CPU.ActiveCfg = Debug|Any CPU
		{9443F968-B430-4B8E-DAD7-DA6B9FC1D3C6}.Debug|Any CPU.Build.0 = Debug|Any CPU
		{9443F968-B430-4B8E-DAD7-DA6B9FC1D3C6}.Release|Any CPU.ActiveCfg = Release|Any CPU
		{9443F968-B430-4B8E-DAD7-DA6B9FC1D3C6}.Release|Any CPU.Build.0 = Release|Any CPU
	EndGlobalSection
	GlobalSection(SolutionProperties) = preSolution
		HideSolutionNode = FALSE
	EndGlobalSection
	GlobalSection(ExtensibilityGlobals) = postSolution
		SolutionGuid = {8071CB05-9D7F-471F-A377-57FA6523D4D8}
	EndGlobalSection
EndGlobal
